// !$*UTF8*$!
{
	archiveVersion = 1;
	classes = {
	};
	objectVersion = 56;
	objects = {

/* Begin PBXBuildFile section */
		91D77CA4ED1AF25F442EB8D4 /* Pods_SnapchatUIKit.framework in Frameworks */ = {isa = PBXBuildFile; fileRef = F5A1EB2A78AD5359D4A90B43 /* Pods_SnapchatUIKit.framework */; };
		B4344D7C29FA9DA1000E3EF0 /* AppDelegate.swift in Sources */ = {isa = PBXBuildFile; fileRef = B4344D7B29FA9DA1000E3EF0 /* AppDelegate.swift */; };
		B4344D7E29FA9DA1000E3EF0 /* SceneDelegate.swift in Sources */ = {isa = PBXBuildFile; fileRef = B4344D7D29FA9DA1000E3EF0 /* SceneDelegate.swift */; };
		B4344D8029FA9DA1000E3EF0 /* SignInVC.swift in Sources */ = {isa = PBXBuildFile; fileRef = B4344D7F29FA9DA1000E3EF0 /* SignInVC.swift */; };
		B4344D8329FA9DA1000E3EF0 /* Main.storyboard in Resources */ = {isa = PBXBuildFile; fileRef = B4344D8129FA9DA1000E3EF0 /* Main.storyboard */; };
		B4344D8529FA9DA3000E3EF0 /* Assets.xcassets in Resources */ = {isa = PBXBuildFile; fileRef = B4344D8429FA9DA3000E3EF0 /* Assets.xcassets */; };
		B4344D8829FA9DA3000E3EF0 /* LaunchScreen.storyboard in Resources */ = {isa = PBXBuildFile; fileRef = B4344D8629FA9DA3000E3EF0 /* LaunchScreen.storyboard */; };
		B4544FF229FE8E5400BA3ED2 /* SnapVC.swift in Sources */ = {isa = PBXBuildFile; fileRef = B4544FF129FE8E5400BA3ED2 /* SnapVC.swift */; };
		B46562B22A02DCC300A99A62 /* UserSingleton.swift in Sources */ = {isa = PBXBuildFile; fileRef = B46562B12A02DCC300A99A62 /* UserSingleton.swift */; };
		B4A5296729FA9EC800C30B67 /* GoogleService-Info.plist in Resources */ = {isa = PBXBuildFile; fileRef = B4A5296629FA9EC800C30B67 /* GoogleService-Info.plist */; };
		B4D41C862A04790300DFA6AB /* FeedCell.swift in Sources */ = {isa = PBXBuildFile; fileRef = B4D41C852A04790300DFA6AB /* FeedCell.swift */; };
		B4D41C882A047FC700DFA6AB /* Snap.swift in Sources */ = {isa = PBXBuildFile; fileRef = B4D41C872A047FC700DFA6AB /* Snap.swift */; };
		B4D99D1429FE89DA007749CD /* FeedVC.swift in Sources */ = {isa = PBXBuildFile; fileRef = B4D99D1329FE89DA007749CD /* FeedVC.swift */; };
		B4D99D1629FE89F9007749CD /* UploadVC.swift in Sources */ = {isa = PBXBuildFile; fileRef = B4D99D1529FE89F9007749CD /* UploadVC.swift */; };
		B4D99D1829FE8A46007749CD /* SettingVC.swift in Sources */ = {isa = PBXBuildFile; fileRef = B4D99D1729FE8A46007749CD /* SettingVC.swift */; };
/* End PBXBuildFile section */

/* Begin PBXFileReference section */
		1D320EC448C72C0278D3DA95 /* Pods-SnapchatUIKit.release.xcconfig */ = {isa = PBXFileReference; includeInIndex = 1; lastKnownFileType = text.xcconfig; name = "Pods-SnapchatUIKit.release.xcconfig"; path = "Target Support Files/Pods-SnapchatUIKit/Pods-SnapchatUIKit.release.xcconfig"; sourceTree = "<group>"; };
		673FE4E66F70A2287E58A210 /* Pods-SnapchatUIKit.debug.xcconfig */ = {isa = PBXFileReference; includeInIndex = 1; lastKnownFileType = text.xcconfig; name = "Pods-SnapchatUIKit.debug.xcconfig"; path = "Target Support Files/Pods-SnapchatUIKit/Pods-SnapchatUIKit.debug.xcconfig"; sourceTree = "<group>"; };
		B4344D7829FA9DA1000E3EF0 /* SnapchatUIKit.app */ = {isa = PBXFileReference; explicitFileType = wrapper.application; includeInIndex = 0; path = SnapchatUIKit.app; sourceTree = BUILT_PRODUCTS_DIR; };
		B4344D7B29FA9DA1000E3EF0 /* AppDelegate.swift */ = {isa = PBXFileReference; lastKnownFileType = sourcecode.swift; path = AppDelegate.swift; sourceTree = "<group>"; };
		B4344D7D29FA9DA1000E3EF0 /* SceneDelegate.swift */ = {isa = PBXFileReference; lastKnownFileType = sourcecode.swift; path = SceneDelegate.swift; sourceTree = "<group>"; };
		B4344D7F29FA9DA1000E3EF0 /* SignInVC.swift */ = {isa = PBXFileReference; lastKnownFileType = sourcecode.swift; path = SignInVC.swift; sourceTree = "<group>"; };
		B4344D8229FA9DA1000E3EF0 /* Base */ = {isa = PBXFileReference; lastKnownFileType = file.storyboard; name = Base; path = Base.lproj/Main.storyboard; sourceTree = "<group>"; };
		B4344D8429FA9DA3000E3EF0 /* Assets.xcassets */ = {isa = PBXFileReference; lastKnownFileType = folder.assetcatalog; path = Assets.xcassets; sourceTree = "<group>"; };
		B4344D8729FA9DA3000E3EF0 /* Base */ = {isa = PBXFileReference; lastKnownFileType = file.storyboard; name = Base; path = Base.lproj/LaunchScreen.storyboard; sourceTree = "<group>"; };
		B4344D8929FA9DA3000E3EF0 /* Info.plist */ = {isa = PBXFileReference; lastKnownFileType = text.plist.xml; path = Info.plist; sourceTree = "<group>"; };
		B4544FF129FE8E5400BA3ED2 /* SnapVC.swift */ = {isa = PBXFileReference; lastKnownFileType = sourcecode.swift; path = SnapVC.swift; sourceTree = "<group>"; };
		B46562B12A02DCC300A99A62 /* UserSingleton.swift */ = {isa = PBXFileReference; lastKnownFileType = sourcecode.swift; path = UserSingleton.swift; sourceTree = "<group>"; };
		B4A5296629FA9EC800C30B67 /* GoogleService-Info.plist */ = {isa = PBXFileReference; fileEncoding = 4; lastKnownFileType = text.plist.xml; path = "GoogleService-Info.plist"; sourceTree = "<group>"; };
		B4D41C852A04790300DFA6AB /* FeedCell.swift */ = {isa = PBXFileReference; lastKnownFileType = sourcecode.swift; path = FeedCell.swift; sourceTree = "<group>"; };
		B4D41C872A047FC700DFA6AB /* Snap.swift */ = {isa = PBXFileReference; lastKnownFileType = sourcecode.swift; path = Snap.swift; sourceTree = "<group>"; };
		B4D99D1329FE89DA007749CD /* FeedVC.swift */ = {isa = PBXFileReference; lastKnownFileType = sourcecode.swift; path = FeedVC.swift; sourceTree = "<group>"; };
		B4D99D1529FE89F9007749CD /* UploadVC.swift */ = {isa = PBXFileReference; lastKnownFileType = sourcecode.swift; path = UploadVC.swift; sourceTree = "<group>"; };
		B4D99D1729FE8A46007749CD /* SettingVC.swift */ = {isa = PBXFileReference; lastKnownFileType = sourcecode.swift; path = SettingVC.swift; sourceTree = "<group>"; };
		F5A1EB2A78AD5359D4A90B43 /* Pods_SnapchatUIKit.framework */ = {isa = PBXFileReference; explicitFileType = wrapper.framework; includeInIndex = 0; path = Pods_SnapchatUIKit.framework; sourceTree = BUILT_PRODUCTS_DIR; };
/* End PBXFileReference section */

/* Begin PBXFrameworksBuildPhase section */
		B4344D7529FA9DA1000E3EF0 /* Frameworks */ = {
			isa = PBXFrameworksBuildPhase;
			buildActionMask = 2147483647;
			files = (
				91D77CA4ED1AF25F442EB8D4 /* Pods_SnapchatUIKit.framework in Frameworks */,
			);
			runOnlyForDeploymentPostprocessing = 0;
		};
/* End PBXFrameworksBuildPhase section */

/* Begin PBXGroup section */
		B4344D6F29FA9DA1000E3EF0 = {
			isa = PBXGroup;
			children = (
				B4344D7A29FA9DA1000E3EF0 /* SnapchatUIKit */,
				B4344D7929FA9DA1000E3EF0 /* Products */,
				FA1E524A8A6F77BF02339616 /* Pods */,
				DA9FB6253E6154A54E0E51B6 /* Frameworks */,
			);
			sourceTree = "<group>";
		};
		B4344D7929FA9DA1000E3EF0 /* Products */ = {
			isa = PBXGroup;
			children = (
				B4344D7829FA9DA1000E3EF0 /* SnapchatUIKit.app */,
			);
			name = Products;
			sourceTree = "<group>";
		};
		B4344D7A29FA9DA1000E3EF0 /* SnapchatUIKit */ = {
			isa = PBXGroup;
			children = (
				B46562B02A02DCA600A99A62 /* Model */,
				B4D99D1A29FE8A96007749CD /* Delegates */,
				B4D99D1929FE8A4E007749CD /* ViewControllers */,
				B4344D8129FA9DA1000E3EF0 /* Main.storyboard */,
				B4344D8429FA9DA3000E3EF0 /* Assets.xcassets */,
				B4344D8629FA9DA3000E3EF0 /* LaunchScreen.storyboard */,
				B4344D8929FA9DA3000E3EF0 /* Info.plist */,
				B4A5296629FA9EC800C30B67 /* GoogleService-Info.plist */,
				B4D41C852A04790300DFA6AB /* FeedCell.swift */,
			);
			path = SnapchatUIKit;
			sourceTree = "<group>";
		};
		B46562B02A02DCA600A99A62 /* Model */ = {
			isa = PBXGroup;
			children = (
				B46562B12A02DCC300A99A62 /* UserSingleton.swift */,
				B4D41C872A047FC700DFA6AB /* Snap.swift */,
			);
			path = Model;
			sourceTree = "<group>";
		};
		B4D99D1929FE8A4E007749CD /* ViewControllers */ = {
			isa = PBXGroup;
			children = (
				B4344D7F29FA9DA1000E3EF0 /* SignInVC.swift */,
				B4D99D1329FE89DA007749CD /* FeedVC.swift */,
				B4D99D1529FE89F9007749CD /* UploadVC.swift */,
				B4D99D1729FE8A46007749CD /* SettingVC.swift */,
				B4544FF129FE8E5400BA3ED2 /* SnapVC.swift */,
			);
			path = ViewControllers;
			sourceTree = "<group>";
		};
		B4D99D1A29FE8A96007749CD /* Delegates */ = {
			isa = PBXGroup;
			children = (
				B4344D7B29FA9DA1000E3EF0 /* AppDelegate.swift */,
				B4344D7D29FA9DA1000E3EF0 /* SceneDelegate.swift */,
			);
			path = Delegates;
			sourceTree = "<group>";
		};
		DA9FB6253E6154A54E0E51B6 /* Frameworks */ = {
			isa = PBXGroup;
			children = (
				F5A1EB2A78AD5359D4A90B43 /* Pods_SnapchatUIKit.framework */,
			);
			name = Frameworks;
			sourceTree = "<group>";
		};
		FA1E524A8A6F77BF02339616 /* Pods */ = {
			isa = PBXGroup;
			children = (
				673FE4E66F70A2287E58A210 /* Pods-SnapchatUIKit.debug.xcconfig */,
				1D320EC448C72C0278D3DA95 /* Pods-SnapchatUIKit.release.xcconfig */,
			);
			path = Pods;
			sourceTree = "<group>";
		};
/* End PBXGroup section */

/* Begin PBXNativeTarget section */
		B4344D7729FA9DA1000E3EF0 /* SnapchatUIKit */ = {
			isa = PBXNativeTarget;
			buildConfigurationList = B4344D8C29FA9DA3000E3EF0 /* Build configuration list for PBXNativeTarget "SnapchatUIKit" */;
			buildPhases = (
				56AA19E3CB5F7B5164CFF8A5 /* [CP] Check Pods Manifest.lock */,
				B4344D7429FA9DA1000E3EF0 /* Sources */,
				B4344D7529FA9DA1000E3EF0 /* Frameworks */,
				B4344D7629FA9DA1000E3EF0 /* Resources */,
				45389062298B9A4B35B692B9 /* [CP] Embed Pods Frameworks */,
			);
			buildRules = (
			);
			dependencies = (
			);
			name = SnapchatUIKit;
			productName = SnapchatUIKit;
			productReference = B4344D7829FA9DA1000E3EF0 /* SnapchatUIKit.app */;
			productType = "com.apple.product-type.application";
		};
/* End PBXNativeTarget section */

/* Begin PBXProject section */
		B4344D7029FA9DA1000E3EF0 /* Project object */ = {
			isa = PBXProject;
			attributes = {
				BuildIndependentTargetsInParallel = 1;
				LastSwiftUpdateCheck = 1430;
				LastUpgradeCheck = 1430;
				TargetAttributes = {
					B4344D7729FA9DA1000E3EF0 = {
						CreatedOnToolsVersion = 14.3;
					};
				};
			};
			buildConfigurationList = B4344D7329FA9DA1000E3EF0 /* Build configuration list for PBXProject "SnapchatUIKit" */;
			compatibilityVersion = "Xcode 14.0";
			developmentRegion = en;
			hasScannedForEncodings = 0;
			knownRegions = (
				en,
				Base,
			);
			mainGroup = B4344D6F29FA9DA1000E3EF0;
			productRefGroup = B4344D7929FA9DA1000E3EF0 /* Products */;
			projectDirPath = "";
			projectRoot = "";
			targets = (
				B4344D7729FA9DA1000E3EF0 /* SnapchatUIKit */,
			);
		};
/* End PBXProject section */

/* Begin PBXResourcesBuildPhase section */
		B4344D7629FA9DA1000E3EF0 /* Resources */ = {
			isa = PBXResourcesBuildPhase;
			buildActionMask = 2147483647;
			files = (
				B4344D8829FA9DA3000E3EF0 /* LaunchScreen.storyboard in Resources */,
				B4A5296729FA9EC800C30B67 /* GoogleService-Info.plist in Resources */,
				B4344D8529FA9DA3000E3EF0 /* Assets.xcassets in Resources */,
				B4344D8329FA9DA1000E3EF0 /* Main.storyboard in Resources */,
			);
			runOnlyForDeploymentPostprocessing = 0;
		};
/* End PBXResourcesBuildPhase section */

/* Begin PBXShellScriptBuildPhase section */
		45389062298B9A4B35B692B9 /* [CP] Embed Pods Frameworks */ = {
			isa = PBXShellScriptBuildPhase;
			buildActionMask = 2147483647;
			files = (
			);
			inputFileListPaths = (
				"${PODS_ROOT}/Target Support Files/Pods-SnapchatUIKit/Pods-SnapchatUIKit-frameworks-${CONFIGURATION}-input-files.xcfilelist",
			);
			name = "[CP] Embed Pods Frameworks";
			outputFileListPaths = (
				"${PODS_ROOT}/Target Support Files/Pods-SnapchatUIKit/Pods-SnapchatUIKit-frameworks-${CONFIGURATION}-output-files.xcfilelist",
			);
			runOnlyForDeploymentPostprocessing = 0;
			shellPath = /bin/sh;
			shellScript = "\"${PODS_ROOT}/Target Support Files/Pods-SnapchatUIKit/Pods-SnapchatUIKit-frameworks.sh\"\n";
			showEnvVarsInLog = 0;
		};
		56AA19E3CB5F7B5164CFF8A5 /* [CP] Check Pods Manifest.lock */ = {
			isa = PBXShellScriptBuildPhase;
			buildActionMask = 2147483647;
			files = (
			);
			inputFileListPaths = (
			);
			inputPaths = (
				"${PODS_PODFILE_DIR_PATH}/Podfile.lock",
				"${PODS_ROOT}/Manifest.lock",
			);
			name = "[CP] Check Pods Manifest.lock";
			outputFileListPaths = (
			);
			outputPaths = (
				"$(DERIVED_FILE_DIR)/Pods-SnapchatUIKit-checkManifestLockResult.txt",
			);
			runOnlyForDeploymentPostprocessing = 0;
			shellPath = /bin/sh;
			shellScript = "diff \"${PODS_PODFILE_DIR_PATH}/Podfile.lock\" \"${PODS_ROOT}/Manifest.lock\" > /dev/null\nif [ $? != 0 ] ; then\n    # print error to STDERR\n    echo \"error: The sandbox is not in sync with the Podfile.lock. Run 'pod install' or update your CocoaPods installation.\" >&2\n    exit 1\nfi\n# This output is used by Xcode 'outputs' to avoid re-running this script phase.\necho \"SUCCESS\" > \"${SCRIPT_OUTPUT_FILE_0}\"\n";
			showEnvVarsInLog = 0;
		};
/* End PBXShellScriptBuildPhase section */

/* Begin PBXSourcesBuildPhase section */
		B4344D7429FA9DA1000E3EF0 /* Sources */ = {
			isa = PBXSourcesBuildPhase;
			buildActionMask = 2147483647;
			files = (
				B46562B22A02DCC300A99A62 /* UserSingleton.swift in Sources */,
				B4D41C882A047FC700DFA6AB /* Snap.swift in Sources */,
				B4D99D1429FE89DA007749CD /* FeedVC.swift in Sources */,
				B4D99D1829FE8A46007749CD /* SettingVC.swift in Sources */,
				B4344D8029FA9DA1000E3EF0 /* SignInVC.swift in Sources */,
				B4344D7C29FA9DA1000E3EF0 /* AppDelegate.swift in Sources */,
				B4544FF229FE8E5400BA3ED2 /* SnapVC.swift in Sources */,
				B4D99D1629FE89F9007749CD /* UploadVC.swift in Sources */,
				B4344D7E29FA9DA1000E3EF0 /* SceneDelegate.swift in Sources */,
				B4D41C862A04790300DFA6AB /* FeedCell.swift in Sources */,
			);
			runOnlyForDeploymentPostprocessing = 0;
		};
/* End PBXSourcesBuildPhase section */

/* Begin PBXVariantGroup section */
		B4344D8129FA9DA1000E3EF0 /* Main.storyboard */ = {
			isa = PBXVariantGroup;
			children = (
				B4344D8229FA9DA1000E3EF0 /* Base */,
			);
			name = Main.storyboard;
			sourceTree = "<group>";
		};
		B4344D8629FA9DA3000E3EF0 /* LaunchScreen.storyboard */ = {
			isa = PBXVariantGroup;
			children = (
				B4344D8729FA9DA3000E3EF0 /* Base */,
			);
			name = LaunchScreen.storyboard;
			sourceTree = "<group>";
		};
/* End PBXVariantGroup section */

/* Begin XCBuildConfiguration section */
		B4344D8A29FA9DA3000E3EF0 /* Debug */ = {
			isa = XCBuildConfiguration;
			buildSettings = {
				ALWAYS_SEARCH_USER_PATHS = NO;
				CLANG_ANALYZER_NONNULL = YES;
				CLANG_ANALYZER_NUMBER_OBJECT_CONVERSION = YES_AGGRESSIVE;
				CLANG_CXX_LANGUAGE_STANDARD = "gnu++20";
				CLANG_ENABLE_MODULES = YES;
				CLANG_ENABLE_OBJC_ARC = YES;
				CLANG_ENABLE_OBJC_WEAK = YES;
				CLANG_WARN_BLOCK_CAPTURE_AUTORELEASING = YES;
				CLANG_WARN_BOOL_CONVERSION = YES;
				CLANG_WARN_COMMA = YES;
				CLANG_WARN_CONSTANT_CONVERSION = YES;
				CLANG_WARN_DEPRECATED_OBJC_IMPLEMENTATIONS = YES;
				CLANG_WARN_DIRECT_OBJC_ISA_USAGE = YES_ERROR;
				CLANG_WARN_DOCUMENTATION_COMMENTS = YES;
				CLANG_WARN_EMPTY_BODY = YES;
				CLANG_WARN_ENUM_CONVERSION = YES;
				CLANG_WARN_INFINITE_RECURSION = YES;
				CLANG_WARN_INT_CONVERSION = YES;
				CLANG_WARN_NON_LITERAL_NULL_CONVERSION = YES;
				CLANG_WARN_OBJC_IMPLICIT_RETAIN_SELF = YES;
				CLANG_WARN_OBJC_LITERAL_CONVERSION = YES;
				CLANG_WARN_OBJC_ROOT_CLASS = YES_ERROR;
				CLANG_WARN_QUOTED_INCLUDE_IN_FRAMEWORK_HEADER = YES;
				CLANG_WARN_RANGE_LOOP_ANALYSIS = YES;
				CLANG_WARN_STRICT_PROTOTYPES = YES;
				CLANG_WARN_SUSPICIOUS_MOVE = YES;
				CLANG_WARN_UNGUARDED_AVAILABILITY = YES_AGGRESSIVE;
				CLANG_WARN_UNREACHABLE_CODE = YES;
				CLANG_WARN__DUPLICATE_METHOD_MATCH = YES;
				COPY_PHASE_STRIP = NO;
				DEBUG_INFORMATION_FORMAT = dwarf;
				ENABLE_STRICT_OBJC_MSGSEND = YES;
				ENABLE_TESTABILITY = YES;
				GCC_C_LANGUAGE_STANDARD = gnu11;
				GCC_DYNAMIC_NO_PIC = NO;
				GCC_NO_COMMON_BLOCKS = YES;
				GCC_OPTIMIZATION_LEVEL = 0;
				GCC_PREPROCESSOR_DEFINITIONS = (
					"DEBUG=1",
					"$(inherited)",
				);
				GCC_WARN_64_TO_32_BIT_CONVERSION = YES;
				GCC_WARN_ABOUT_RETURN_TYPE = YES_ERROR;
				GCC_WARN_UNDECLARED_SELECTOR = YES;
				GCC_WARN_UNINITIALIZED_AUTOS = YES_AGGRESSIVE;
				GCC_WARN_UNUSED_FUNCTION = YES;
				GCC_WARN_UNUSED_VARIABLE = YES;
				IPHONEOS_DEPLOYMENT_TARGET = 16.4;
				MTL_ENABLE_DEBUG_INFO = INCLUDE_SOURCE;
				MTL_FAST_MATH = YES;
				ONLY_ACTIVE_ARCH = YES;
				SDKROOT = iphoneos;
				SWIFT_ACTIVE_COMPILATION_CONDITIONS = DEBUG;
				SWIFT_OPTIMIZATION_LEVEL = "-Onone";
			};
			name = Debug;
		};
		B4344D8B29FA9DA3000E3EF0 /* Release */ = {
			isa = XCBuildConfiguration;
			buildSettings = {
				ALWAYS_SEARCH_USER_PATHS = NO;
				CLANG_ANALYZER_NONNULL = YES;
				CLANG_ANALYZER_NUMBER_OBJECT_CONVERSION = YES_AGGRESSIVE;
				CLANG_CXX_LANGUAGE_STANDARD = "gnu++20";
				CLANG_ENABLE_MODULES = YES;
				CLANG_ENABLE_OBJC_ARC = YES;
				CLANG_ENABLE_OBJC_WEAK = YES;
				CLANG_WARN_BLOCK_CAPTURE_AUTORELEASING = YES;
				CLANG_WARN_BOOL_CONVERSION = YES;
				CLANG_WARN_COMMA = YES;
				CLANG_WARN_CONSTANT_CONVERSION = YES;
				CLANG_WARN_DEPRECATED_OBJC_IMPLEMENTATIONS = YES;
				CLANG_WARN_DIRECT_OBJC_ISA_USAGE = YES_ERROR;
				CLANG_WARN_DOCUMENTATION_COMMENTS = YES;
				CLANG_WARN_EMPTY_BODY = YES;
				CLANG_WARN_ENUM_CONVERSION = YES;
				CLANG_WARN_INFINITE_RECURSION = YES;
				CLANG_WARN_INT_CONVERSION = YES;
				CLANG_WARN_NON_LITERAL_NULL_CONVERSION = YES;
				CLANG_WARN_OBJC_IMPLICIT_RETAIN_SELF = YES;
				CLANG_WARN_OBJC_LITERAL_CONVERSION = YES;
				CLANG_WARN_OBJC_ROOT_CLASS = YES_ERROR;
				CLANG_WARN_QUOTED_INCLUDE_IN_FRAMEWORK_HEADER = YES;
				CLANG_WARN_RANGE_LOOP_ANALYSIS = YES;
				CLANG_WARN_STRICT_PROTOTYPES = YES;
				CLANG_WARN_SUSPICIOUS_MOVE = YES;
				CLANG_WARN_UNGUARDED_AVAILABILITY = YES_AGGRESSIVE;
				CLANG_WARN_UNREACHABLE_CODE = YES;
				CLANG_WARN__DUPLICATE_METHOD_MATCH = YES;
				COPY_PHASE_STRIP = NO;
				DEBUG_INFORMATION_FORMAT = "dwarf-with-dsym";
				ENABLE_NS_ASSERTIONS = NO;
				ENABLE_STRICT_OBJC_MSGSEND = YES;
				GCC_C_LANGUAGE_STANDARD = gnu11;
				GCC_NO_COMMON_BLOCKS = YES;
				GCC_WARN_64_TO_32_BIT_CONVERSION = YES;
				GCC_WARN_ABOUT_RETURN_TYPE = YES_ERROR;
				GCC_WARN_UNDECLARED_SELECTOR = YES;
				GCC_WARN_UNINITIALIZED_AUTOS = YES_AGGRESSIVE;
				GCC_WARN_UNUSED_FUNCTION = YES;
				GCC_WARN_UNUSED_VARIABLE = YES;
				IPHONEOS_DEPLOYMENT_TARGET = 16.4;
				MTL_ENABLE_DEBUG_INFO = NO;
				MTL_FAST_MATH = YES;
				SDKROOT = iphoneos;
				SWIFT_COMPILATION_MODE = wholemodule;
				SWIFT_OPTIMIZATION_LEVEL = "-O";
				VALIDATE_PRODUCT = YES;
			};
			name = Release;
		};
		B4344D8D29FA9DA3000E3EF0 /* Debug */ = {
			isa = XCBuildConfiguration;
			baseConfigurationReference = 673FE4E66F70A2287E58A210 /* Pods-SnapchatUIKit.debug.xcconfig */;
			buildSettings = {
				ASSETCATALOG_COMPILER_APPICON_NAME = AppIcon;
				ASSETCATALOG_COMPILER_GLOBAL_ACCENT_COLOR_NAME = AccentColor;
				CODE_SIGN_STYLE = Automatic;
				CURRENT_PROJECT_VERSION = 1;
				DEVELOPMENT_TEAM = X84U2MV584;
				GENERATE_INFOPLIST_FILE = YES;
				INFOPLIST_FILE = SnapchatUIKit/Info.plist;
				INFOPLIST_KEY_UIApplicationSupportsIndirectInputEvents = YES;
				INFOPLIST_KEY_UILaunchStoryboardName = LaunchScreen;
				INFOPLIST_KEY_UIMainStoryboardFile = Main;
				INFOPLIST_KEY_UISupportedInterfaceOrientations_iPad = "UIInterfaceOrientationPortrait UIInterfaceOrientationPortraitUpsideDown UIInterfaceOrientationLandscapeLeft UIInterfaceOrientationLandscapeRight";
				INFOPLIST_KEY_UISupportedInterfaceOrientations_iPhone = "UIInterfaceOrientationPortrait UIInterfaceOrientationLandscapeLeft UIInterfaceOrientationLandscapeRight";
				LD_RUNPATH_SEARCH_PATHS = (
					"$(inherited)",
					"@executable_path/Frameworks",
				);
				MARKETING_VERSION = 1.0;
				PRODUCT_BUNDLE_IDENTIFIER = com.italostuardo.SnapchatUIKit;
				PRODUCT_NAME = "$(TARGET_NAME)";
				SWIFT_EMIT_LOC_STRINGS = YES;
				SWIFT_VERSION = 5.0;
				TARGETED_DEVICE_FAMILY = "1,2";
			};
			name = Debug;
		};
		B4344D8E29FA9DA3000E3EF0 /* Release */ = {
			isa = XCBuildConfiguration;
			baseConfigurationReference = 1D320EC448C72C0278D3DA95 /* Pods-SnapchatUIKit.release.xcconfig */;
			buildSettings = {
				ASSETCATALOG_COMPILER_APPICON_NAME = AppIcon;
				ASSETCATALOG_COMPILER_GLOBAL_ACCENT_COLOR_NAME = AccentColor;
				CODE_SIGN_STYLE = Automatic;
				CURRENT_PROJECT_VERSION = 1;
				DEVELOPMENT_TEAM = X84U2MV584;
				GENERATE_INFOPLIST_FILE = YES;
				INFOPLIST_FILE = SnapchatUIKit/Info.plist;
				INFOPLIST_KEY_UIApplicationSupportsIndirectInputEvents = YES;
				INFOPLIST_KEY_UILaunchStoryboardName = LaunchScreen;
				INFOPLIST_KEY_UIMainStoryboardFile = Main;
				INFOPLIST_KEY_UISupportedInterfaceOrientations_iPad = "UIInterfaceOrientationPortrait UIInterfaceOrientationPortraitUpsideDown UIInterfaceOrientationLandscapeLeft UIInterfaceOrientationLandscapeRight";
				INFOPLIST_KEY_UISupportedInterfaceOrientations_iPhone = "UIInterfaceOrientationPortrait UIInterfaceOrientationLandscapeLeft UIInterfaceOrientationLandscapeRight";
				LD_RUNPATH_SEARCH_PATHS = (
					"$(inherited)",
					"@executable_path/Frameworks",
				);
				MARKETING_VERSION = 1.0;
				PRODUCT_BUNDLE_IDENTIFIER = com.italostuardo.SnapchatUIKit;
				PRODUCT_NAME = "$(TARGET_NAME)";
				SWIFT_EMIT_LOC_STRINGS = YES;
				SWIFT_VERSION = 5.0;
				TARGETED_DEVICE_FAMILY = "1,2";
			};
			name = Release;
		};
/* End XCBuildConfiguration section */

/* Begin XCConfigurationList section */
		B4344D7329FA9DA1000E3EF0 /* Build configuration list for PBXProject "SnapchatUIKit" */ = {
			isa = XCConfigurationList;
			buildConfigurations = (
				B4344D8A29FA9DA3000E3EF0 /* Debug */,
				B4344D8B29FA9DA3000E3EF0 /* Release */,
			);
			defaultConfigurationIsVisible = 0;
			defaultConfigurationName = Release;
		};
		B4344D8C29FA9DA3000E3EF0 /* Build configuration list for PBXNativeTarget "SnapchatUIKit" */ = {
			isa = XCConfigurationList;
			buildConfigurations = (
				B4344D8D29FA9DA3000E3EF0 /* Debug */,
				B4344D8E29FA9DA3000E3EF0 /* Release */,
			);
			defaultConfigurationIsVisible = 0;
			defaultConfigurationName = Release;
		};
/* End XCConfigurationList section */
	};
	rootObject = B4344D7029FA9DA1000E3EF0 /* Project object */;
}
